
Microsoft Visual Studio Solution File, Format Version 12.00
# Visual Studio 15
VisualStudioVersion = 15.0.28307.271
MinimumVisualStudioVersion = 10.0.40219.1
Project("{FAE04EC0-301F-11D3-BF4B-00C04F79EFBC}") = "WpfApp1", "WpfApp1\WpfApp1.csproj", "{ECED70F8-26E7-40DD-B04F-A7AE3399EFF6}"
EndProject
Global
	GlobalSection(SolutionConfigurationPlatforms) = preSolution
		Debug|Any CPU = Debug|Any CPU
		Release|Any CPU = Release|Any CPU
	EndGlobalSection
	GlobalSection(ProjectConfigurationPlatforms) = postSolution
		{ECED70F8-26E7-40DD-B04F-A7AE3399EFF6}.Debug|Any CPU.ActiveCfg = Debug|Any CPU
		{ECED70F8-26E7-40DD-B04F-A7AE3399EFF6}.Debug|Any CPU.Build.0 = Debug|Any CPU
		{ECED70F8-26E7-40DD-B04F-A7AE3399EFF6}.Release|Any CPU.ActiveCfg = Release|Any CPU
		{ECED70F8-26E7-40DD-B04F-A7AE3399EFF6}.Release|Any CPU.Build.0 = Release|Any CPU
	EndGlobalSection
	GlobalSection(SolutionProperties) = preSolution
		HideSolutionNode = FALSE
	EndGlobalSection
	GlobalSection(ExtensibilityGlobals) = postSolution
		SolutionGuid = {EE8D30D9-7DF2-419D-8BFD-67A819362FF5}
	EndGlobalSection
EndGlobal
